
Microsoft Visual Studio Solution File, Format Version 12.00
# Visual Studio Version 16
VisualStudioVersion = 16.0.30907.101
MinimumVisualStudioVersion = 10.0.40219.1
Project("{FAE04EC0-301F-11D3-BF4B-00C04F79EFBC}") = "ButtonClicksCounter", "WindowsFormsOverView\ButtonClicksCounter.csproj", "{44B013CC-1E0C-4F0A-980D-2BB7EB0B08D1}"
EndProject
Project("{FAE04EC0-301F-11D3-BF4B-00C04F79EFBC}") = "KeyEnterPanel", "KeyEnterPanel\KeyEnterPanel.csproj", "{089C9320-AE9A-4945-B50B-0EA33644587C}"
EndProject
Project("{FAE04EC0-301F-11D3-BF4B-00C04F79EFBC}") = "DirectoryScanner", "DirectoryScanner\DirectoryScanner.csproj", "{53140E96-AD09-4486-B5B1-3F9AB72B7F60}"
EndProject
Global
	GlobalSection(SolutionConfigurationPlatforms) = preSolution
		Debug|Any CPU = Debug|Any CPU
		Release|Any CPU = Release|Any CPU
	EndGlobalSection
	GlobalSection(ProjectConfigurationPlatforms) = postSolution
		{44B013CC-1E0C-4F0A-980D-2BB7EB0B08D1}.Debug|Any CPU.ActiveCfg = Debug|Any CPU
		{44B013CC-1E0C-4F0A-980D-2BB7EB0B08D1}.Debug|Any CPU.Build.0 = Debug|Any CPU
		{44B013CC-1E0C-4F0A-980D-2BB7EB0B08D1}.Release|Any CPU.ActiveCfg = Release|Any CPU
		{44B013CC-1E0C-4F0A-980D-2BB7EB0B08D1}.Release|Any CPU.Build.0 = Release|Any CPU
		{089C9320-AE9A-4945-B50B-0EA33644587C}.Debug|Any CPU.ActiveCfg = Debug|Any CPU
		{089C9320-AE9A-4945-B50B-0EA33644587C}.Debug|Any CPU.Build.0 = Debug|Any CPU
		{089C9320-AE9A-4945-B50B-0EA33644587C}.Release|Any CPU.ActiveCfg = Release|Any CPU
		{089C9320-AE9A-4945-B50B-0EA33644587C}.Release|Any CPU.Build.0 = Release|Any CPU
		{53140E96-AD09-4486-B5B1-3F9AB72B7F60}.Debug|Any CPU.ActiveCfg = Debug|Any CPU
		{53140E96-AD09-4486-B5B1-3F9AB72B7F60}.Debug|Any CPU.Build.0 = Debug|Any CPU
		{53140E96-AD09-4486-B5B1-3F9AB72B7F60}.Release|Any CPU.ActiveCfg = Release|Any CPU
		{53140E96-AD09-4486-B5B1-3F9AB72B7F60}.Release|Any CPU.Build.0 = Release|Any CPU
	EndGlobalSection
	GlobalSection(SolutionProperties) = preSolution
		HideSolutionNode = FALSE
	EndGlobalSection
	GlobalSection(ExtensibilityGlobals) = postSolution
		SolutionGuid = {CF0611C2-83D7-4FC0-9C03-76DA1E377F2E}
	EndGlobalSection
EndGlobal
